
Microsoft Visual Studio Solution File, Format Version 12.00
# Visual Studio Version 16
VisualStudioVersion = 16.0.30717.126
MinimumVisualStudioVersion = 10.0.40219.1
Project("{FAE04EC0-301F-11D3-BF4B-00C04F79EFBC}") = "PixArt.UWP", "PixArt\PixArt.UWP\PixArt.UWP.csproj", "{6F4B74AB-645D-403C-AFF7-22832CACCB48}"
EndProject
Project("{FAE04EC0-301F-11D3-BF4B-00C04F79EFBC}") = "PixArt.Android", "PixArt\PixArt.Android\PixArt.Android.csproj", "{A153E2E9-22FF-4233-983C-54D01DE2324A}"
EndProject
Project("{FAE04EC0-301F-11D3-BF4B-00C04F79EFBC}") = "PixArt.iOS", "PixArt\PixArt.iOS\PixArt.iOS.csproj", "{D61BBBD0-94F8-489F-AA19-19AD1BFF3983}"
EndProject
Project("{FAE04EC0-301F-11D3-BF4B-00C04F79EFBC}") = "PixArt", "PixArt\PixArt\PixArt.csproj", "{D12FB8FA-840A-432F-873E-C7C30EC51BD8}"
EndProject
Global
	GlobalSection(SolutionConfigurationPlatforms) = preSolution
		Debug|Any CPU = Debug|Any CPU
		Debug|ARM = Debug|ARM
		Debug|iPhone = Debug|iPhone
		Debug|iPhoneSimulator = Debug|iPhoneSimulator
		Debug|x64 = Debug|x64
		Debug|x86 = Debug|x86
		Release|Any CPU = Release|Any CPU
		Release|ARM = Release|ARM
		Release|iPhone = Release|iPhone
		Release|iPhoneSimulator = Release|iPhoneSimulator
		Release|x64 = Release|x64
		Release|x86 = Release|x86
	EndGlobalSection
	GlobalSection(ProjectConfigurationPlatforms) = postSolution
		{6F4B74AB-645D-403C-AFF7-22832CACCB48}.Debug|Any CPU.ActiveCfg = Debug|x86
		{6F4B74AB-645D-403C-AFF7-22832CACCB48}.Debug|Any CPU.Build.0 = Debug|x86
		{6F4B74AB-645D-403C-AFF7-22832CACCB48}.Debug|Any CPU.Deploy.0 = Debug|x86
		{6F4B74AB-645D-403C-AFF7-22832CACCB48}.Debug|ARM.ActiveCfg = Debug|ARM
		{6F4B74AB-645D-403C-AFF7-22832CACCB48}.Debug|ARM.Build.0 = Debug|ARM
		{6F4B74AB-645D-403C-AFF7-22832CACCB48}.Debug|ARM.Deploy.0 = Debug|ARM
		{6F4B74AB-645D-403C-AFF7-22832CACCB48}.Debug|iPhone.ActiveCfg = Debug|x86
		{6F4B74AB-645D-403C-AFF7-22832CACCB48}.Debug|iPhone.Build.0 = Debug|x86
		{6F4B74AB-645D-403C-AFF7-22832CACCB48}.Debug|iPhone.Deploy.0 = Debug|x86
		{6F4B74AB-645D-403C-AFF7-22832CACCB48}.Debug|iPhoneSimulator.ActiveCfg = Debug|x86
		{6F4B74AB-645D-403C-AFF7-22832CACCB48}.Debug|iPhoneSimulator.Build.0 = Debug|x86
		{6F4B74AB-645D-403C-AFF7-22832CACCB48}.Debug|iPhoneSimulator.Deploy.0 = Debug|x86
		{6F4B74AB-645D-403C-AFF7-22832CACCB48}.Debug|x64.ActiveCfg = Debug|x64
		{6F4B74AB-645D-403C-AFF7-22832CACCB48}.Debug|x64.Build.0 = Debug|x64
		{6F4B74AB-645D-403C-AFF7-22832CACCB48}.Debug|x64.Deploy.0 = Debug|x64
		{6F4B74AB-645D-403C-AFF7-22832CACCB48}.Debug|x86.ActiveCfg = Debug|x86
		{6F4B74AB-645D-403C-AFF7-22832CACCB48}.Debug|x86.Build.0 = Debug|x86
		{6F4B74AB-645D-403C-AFF7-22832CACCB48}.Debug|x86.Deploy.0 = Debug|x86
		{6F4B74AB-645D-403C-AFF7-22832CACCB48}.Release|Any CPU.ActiveCfg = Release|x86
		{6F4B74AB-645D-403C-AFF7-22832CACCB48}.Release|Any CPU.Build.0 = Release|x86
		{6F4B74AB-645D-403C-AFF7-22832CACCB48}.Release|Any CPU.Deploy.0 = Release|x86
		{6F4B74AB-645D-403C-AFF7-22832CACCB48}.Release|ARM.ActiveCfg = Release|ARM
		{6F4B74AB-645D-403C-AFF7-22832CACCB48}.Release|ARM.Build.0 = Release|ARM
		{6F4B74AB-645D-403C-AFF7-22832CACCB48}.Release|ARM.Deploy.0 = Release|ARM
		{6F4B74AB-645D-403C-AFF7-22832CACCB48}.Release|iPhone.ActiveCfg = Release|x86
		{6F4B74AB-645D-403C-AFF7-22832CACCB48}.Release|iPhone.Build.0 = Release|x86
		{6F4B74AB-645D-403C-AFF7-22832CACCB48}.Release|iPhone.Deploy.0 = Release|x86
		{6F4B74AB-645D-403C-AFF7-22832CACCB48}.Release|iPhoneSimulator.ActiveCfg = Release|x86
		{6F4B74AB-645D-403C-AFF7-22832CACCB48}.Release|iPhoneSimulator.Build.0 = Release|x86
		{6F4B74AB-645D-403C-AFF7-22832CACCB48}.Release|iPhoneSimulator.Deploy.0 = Release|x86
		{6F4B74AB-645D-403C-AFF7-22832CACCB48}.Release|x64.ActiveCfg = Release|x64
		{6F4B74AB-645D-403C-AFF7-22832CACCB48}.Release|x64.Build.0 = Release|x64
		{6F4B74AB-645D-403C-AFF7-22832CACCB48}.Release|x64.Deploy.0 = Release|x64
		{6F4B74AB-645D-403C-AFF7-22832CACCB48}.Release|x86.ActiveCfg = Release|x86
		{6F4B74AB-645D-403C-AFF7-22832CACCB48}.Release|x86.Build.0 = Release|x86
		{6F4B74AB-645D-403C-AFF7-22832CACCB48}.Release|x86.Deploy.0 = Release|x86
		{A153E2E9-22FF-4233-983C-54D01DE2324A}.Debug|Any CPU.ActiveCfg = Debug|Any CPU
		{A153E2E9-22FF-4233-983C-54D01DE2324A}.Debug|Any CPU.Build.0 = Debug|Any CPU
		{A153E2E9-22FF-4233-983C-54D01DE2324A}.Debug|Any CPU.Deploy.0 = Debug|Any CPU
		{A153E2E9-22FF-4233-983C-54D01DE2324A}.Debug|ARM.ActiveCfg = Debug|Any CPU
		{A153E2E9-22FF-4233-983C-54D01DE2324A}.Debug|ARM.Build.0 = Debug|Any CPU
		{A153E2E9-22FF-4233-983C-54D01DE2324A}.Debug|ARM.Deploy.0 = Debug|Any CPU
		{A153E2E9-22FF-4233-983C-54D01DE2324A}.Debug|iPhone.ActiveCfg = Debug|Any CPU
		{A153E2E9-22FF-4233-983C-54D01DE2324A}.Debug|iPhone.Build.0 = Debug|Any CPU
		{A153E2E9-22FF-4233-983C-54D01DE2324A}.Debug|iPhone.Deploy.0 = Debug|Any CPU
		{A153E2E9-22FF-4233-983C-54D01DE2324A}.Debug|iPhoneSimulator.ActiveCfg = Debug|Any CPU
		{A153E2E9-22FF-4233-983C-54D01DE2324A}.Debug|iPhoneSimulator.Build.0 = Debug|Any CPU
		{A153E2E9-22FF-4233-983C-54D01DE2324A}.Debug|iPhoneSimulator.Deploy.0 = Debug|Any CPU
		{A153E2E9-22FF-4233-983C-54D01DE2324A}.Debug|x64.ActiveCfg = Debug|Any CPU
		{A153E2E9-22FF-4233-983C-54D01DE2324A}.Debug|x64.Build.0 = Debug|Any CPU
		{A153E2E9-22FF-4233-983C-54D01DE2324A}.Debug|x64.Deploy.0 = Debug|Any CPU
		{A153E2E9-22FF-4233-983C-54D01DE2324A}.Debug|x86.ActiveCfg = Debug|Any CPU
		{A153E2E9-22FF-4233-983C-54D01DE2324A}.Debug|x86.Build.0 = Debug|Any CPU
		{A153E2E9-22FF-4233-983C-54D01DE2324A}.Debug|x86.Deploy.0 = Debug|Any CPU
		{A153E2E9-22FF-4233-983C-54D01DE2324A}.Release|Any CPU.ActiveCfg = Release|Any CPU
		{A153E2E9-22FF-4233-983C-54D01DE2324A}.Release|Any CPU.Build.0 = Release|Any CPU
		{A153E2E9-22FF-4233-983C-54D01DE2324A}.Release|Any CPU.Deploy.0 = Release|Any CPU
		{A153E2E9-22FF-4233-983C-54D01DE2324A}.Release|ARM.ActiveCfg = Release|Any CPU
		{A153E2E9-22FF-4233-983C-54D01DE2324A}.Release|ARM.Build.0 = Release|Any CPU
		{A153E2E9-22FF-4233-983C-54D01DE2324A}.Release|ARM.Deploy.0 = Release|Any CPU
		{A153E2E9-22FF-4233-983C-54D01DE2324A}.Release|iPhone.ActiveCfg = Release|Any CPU
		{A153E2E9-22FF-4233-983C-54D01DE2324A}.Release|iPhone.Build.0 = Release|Any CPU
		{A153E2E9-22FF-4233-983C-54D01DE2324A}.Release|iPhone.Deploy.0 = Release|Any CPU
		{A153E2E9-22FF-4233-983C-54D01DE2324A}.Release|iPhoneSimulator.ActiveCfg = Release|Any CPU
		{A153E2E9-22FF-4233-983C-54D01DE2324A}.Release|iPhoneSimulator.Build.0 = Release|Any CPU
		{A153E2E9-22FF-4233-983C-54D01DE2324A}.Release|iPhoneSimulator.Deploy.0 = Release|Any CPU
		{A153E2E9-22FF-4233-983C-54D01DE2324A}.Release|x64.ActiveCfg = Release|Any CPU
		{A153E2E9-22FF-4233-983C-54D01DE2324A}.Release|x64.Build.0 = Release|Any CPU
		{A153E2E9-22FF-4233-983C-54D01DE2324A}.Release|x64.Deploy.0 = Release|Any CPU
		{A153E2E9-22FF-4233-983C-54D01DE2324A}.Release|x86.ActiveCfg = Release|Any CPU
		{A153E2E9-22FF-4233-983C-54D01DE2324A}.Release|x86.Build.0 = Release|Any CPU
		{A153E2E9-22FF-4233-983C-54D01DE2324A}.Release|x86.Deploy.0 = Release|Any CPU
		{D61BBBD0-94F8-489F-AA19-19AD1BFF3983}.Debug|Any CPU.ActiveCfg = Debug|iPhoneSimulator
		{D61BBBD0-94F8-489F-AA19-19AD1BFF3983}.Debug|Any CPU.Build.0 = Debug|iPhoneSimulator
		{D61BBBD0-94F8-489F-AA19-19AD1BFF3983}.Debug|Any CPU.Deploy.0 = Debug|iPhoneSimulator
		{D61BBBD0-94F8-489F-AA19-19AD1BFF3983}.Debug|ARM.ActiveCfg = Debug|iPhone
		{D61BBBD0-94F8-489F-AA19-19AD1BFF3983}.Debug|ARM.Build.0 = Debug|iPhone
		{D61BBBD0-94F8-489F-AA19-19AD1BFF3983}.Debug|ARM.Deploy.0 = Debug|iPhone
		{D61BBBD0-94F8-489F-AA19-19AD1BFF3983}.Debug|iPhone.ActiveCfg = Debug|iPhone
		{D61BBBD0-94F8-489F-AA19-19AD1BFF3983}.Debug|iPhone.Build.0 = Debug|iPhone
		{D61BBBD0-94F8-489F-AA19-19AD1BFF3983}.Debug|iPhone.Deploy.0 = Debug|iPhone
		{D61BBBD0-94F8-489F-AA19-19AD1BFF3983}.Debug|iPhoneSimulator.ActiveCfg = Debug|iPhoneSimulator
		{D61BBBD0-94F8-489F-AA19-19AD1BFF3983}.Debug|iPhoneSimulator.Build.0 = Debug|iPhoneSimulator
		{D61BBBD0-94F8-489F-AA19-19AD1BFF3983}.Debug|iPhoneSimulator.Deploy.0 = Debug|iPhoneSimulator
		{D61BBBD0-94F8-489F-AA19-19AD1BFF3983}.Debug|x64.ActiveCfg = Debug|iPhoneSimulator
		{D61BBBD0-94F8-489F-AA19-19AD1BFF3983}.Debug|x64.Build.0 = Debug|iPhoneSimulator
		{D61BBBD0-94F8-489F-AA19-19AD1BFF3983}.Debug|x64.Deploy.0 = Debug|iPhoneSimulator
		{D61BBBD0-94F8-489F-AA19-19AD1BFF3983}.Debug|x86.ActiveCfg = Debug|iPhoneSimulator
		{D61BBBD0-94F8-489F-AA19-19AD1BFF3983}.Debug|x86.Build.0 = Debug|iPhoneSimulator
		{D61BBBD0-94F8-489F-AA19-19AD1BFF3983}.Debug|x86.Deploy.0 = Debug|iPhoneSimulator
		{D61BBBD0-94F8-489F-AA19-19AD1BFF3983}.Release|Any CPU.ActiveCfg = Release|iPhoneSimulator
		{D61BBBD0-94F8-489F-AA19-19AD1BFF3983}.Release|Any CPU.Build.0 = Release|iPhoneSimulator
		{D61BBBD0-94F8-489F-AA19-19AD1BFF3983}.Release|Any CPU.Deploy.0 = Release|iPhoneSimulator
		{D61BBBD0-94F8-489F-AA19-19AD1BFF3983}.Release|ARM.ActiveCfg = Release|iPhoneSimulator
		{D61BBBD0-94F8-489F-AA19-19AD1BFF3983}.Release|ARM.Build.0 = Release|iPhoneSimulator
		{D61BBBD0-94F8-489F-AA19-19AD1BFF3983}.Release|ARM.Deploy.0 = Release|iPhoneSimulator
		{D61BBBD0-94F8-489F-AA19-19AD1BFF3983}.Release|iPhone.ActiveCfg = Release|iPhone
		{D61BBBD0-94F8-489F-AA19-19AD1BFF3983}.Release|iPhone.Build.0 = Release|iPhone
		{D61BBBD0-94F8-489F-AA19-19AD1BFF3983}.Release|iPhone.Deploy.0 = Release|iPhone
		{D61BBBD0-94F8-489F-AA19-19AD1BFF3983}.Release|iPhoneSimulator.ActiveCfg = Release|iPhoneSimulator
		{D61BBBD0-94F8-489F-AA19-19AD1BFF3983}.Release|iPhoneSimulator.Build.0 = Release|iPhoneSimulator
		{D61BBBD0-94F8-489F-AA19-19AD1BFF3983}.Release|iPhoneSimulator.Deploy.0 = Release|iPhoneSimulator
		{D61BBBD0-94F8-489F-AA19-19AD1BFF3983}.Release|x64.ActiveCfg = Release|iPhoneSimulator
		{D61BBBD0-94F8-489F-AA19-19AD1BFF3983}.Release|x64.Build.0 = Release|iPhoneSimulator
		{D61BBBD0-94F8-489F-AA19-19AD1BFF3983}.Release|x64.Deploy.0 = Release|iPhoneSimulator
		{D61BBBD0-94F8-489F-AA19-19AD1BFF3983}.Release|x86.ActiveCfg = Release|iPhoneSimulator
		{D61BBBD0-94F8-489F-AA19-19AD1BFF3983}.Release|x86.Build.0 = Release|iPhoneSimulator
		{D61BBBD0-94F8-489F-AA19-19AD1BFF3983}.Release|x86.Deploy.0 = Release|iPhoneSimulator
		{D12FB8FA-840A-432F-873E-C7C30EC51BD8}.Debug|Any CPU.ActiveCfg = Debug|Any CPU
		{D12FB8FA-840A-432F-873E-C7C30EC51BD8}.Debug|Any CPU.Build.0 = Debug|Any CPU
		{D12FB8FA-840A-432F-873E-C7C30EC51BD8}.Debug|Any CPU.Deploy.0 = Debug|Any CPU
		{D12FB8FA-840A-432F-873E-C7C30EC51BD8}.Debug|ARM.ActiveCfg = Debug|Any CPU
		{D12FB8FA-840A-432F-873E-C7C30EC51BD8}.Debug|ARM.Build.0 = Debug|Any CPU
		{D12FB8FA-840A-432F-873E-C7C30EC51BD8}.Debug|ARM.Deploy.0 = Debug|Any CPU
		{D12FB8FA-840A-432F-873E-C7C30EC51BD8}.Debug|iPhone.ActiveCfg = Debug|Any CPU
		{D12FB8FA-840A-432F-873E-C7C30EC51BD8}.Debug|iPhone.Build.0 = Debug|Any CPU
		{D12FB8FA-840A-432F-873E-C7C30EC51BD8}.Debug|iPhone.Deploy.0 = Debug|Any CPU
		{D12FB8FA-840A-432F-873E-C7C30EC51BD8}.Debug|iPhoneSimulator.ActiveCfg = Debug|Any CPU
		{D12FB8FA-840A-432F-873E-C7C30EC51BD8}.Debug|iPhoneSimulator.Build.0 = Debug|Any CPU
		{D12FB8FA-840A-432F-873E-C7C30EC51BD8}.Debug|iPhoneSimulator.Deploy.0 = Debug|Any CPU
		{D12FB8FA-840A-432F-873E-C7C30EC51BD8}.Debug|x64.ActiveCfg = Debug|Any CPU
		{D12FB8FA-840A-432F-873E-C7C30EC51BD8}.Debug|x64.Build.0 = Debug|Any CPU
		{D12FB8FA-840A-432F-873E-C7C30EC51BD8}.Debug|x64.Deploy.0 = Debug|Any CPU
		{D12FB8FA-840A-432F-873E-C7C30EC51BD8}.Debug|x86.ActiveCfg = Debug|Any CPU
		{D12FB8FA-840A-432F-873E-C7C30EC51BD8}.Debug|x86.Build.0 = Debug|Any CPU
		{D12FB8FA-840A-432F-873E-C7C30EC51BD8}.Debug|x86.Deploy.0 = Debug|Any CPU
		{D12FB8FA-840A-432F-873E-C7C30EC51BD8}.Release|Any CPU.ActiveCfg = Release|Any CPU
		{D12FB8FA-840A-432F-873E-C7C30EC51BD8}.Release|Any CPU.Build.0 = Release|Any CPU
		{D12FB8FA-840A-432F-873E-C7C30EC51BD8}.Release|Any CPU.Deploy.0 = Release|Any CPU
		{D12FB8FA-840A-432F-873E-C7C30EC51BD8}.Release|ARM.ActiveCfg = Release|Any CPU
		{D12FB8FA-840A-432F-873E-C7C30EC51BD8}.Release|ARM.Build.0 = Release|Any CPU
		{D12FB8FA-840A-432F-873E-C7C30EC51BD8}.Release|ARM.Deploy.0 = Release|Any CPU
		{D12FB8FA-840A-432F-873E-C7C30EC51BD8}.Release|iPhone.ActiveCfg = Release|Any CPU
		{D12FB8FA-840A-432F-873E-C7C30EC51BD8}.Release|iPhone.Build.0 = Release|Any CPU
		{D12FB8FA-840A-432F-873E-C7C30EC51BD8}.Release|iPhone.Deploy.0 = Release|Any CPU
		{D12FB8FA-840A-432F-873E-C7C30EC51BD8}.Release|iPhoneSimulator.ActiveCfg = Release|Any CPU
		{D12FB8FA-840A-432F-873E-C7C30EC51BD8}.Release|iPhoneSimulator.Build.0 = Release|Any CPU
		{D12FB8FA-840A-432F-873E-C7C30EC51BD8}.Release|iPhoneSimulator.Deploy.0 = Release|Any CPU
		{D12FB8FA-840A-432F-873E-C7C30EC51BD8}.Release|x64.ActiveCfg = Release|Any CPU
		{D12FB8FA-840A-432F-873E-C7C30EC51BD8}.Release|x64.Build.0 = Release|Any CPU
		{D12FB8FA-840A-432F-873E-C7C30EC51BD8}.Release|x64.Deploy.0 = Release|Any CPU
		{D12FB8FA-840A-432F-873E-C7C30EC51BD8}.Release|x86.ActiveCfg = Release|Any CPU
		{D12FB8FA-840A-432F-873E-C7C30EC51BD8}.Release|x86.Build.0 = Release|Any CPU
		{D12FB8FA-840A-432F-873E-C7C30EC51BD8}.Release|x86.Deploy.0 = Release|Any CPU
	EndGlobalSection
	GlobalSection(SolutionProperties) = preSolution
		HideSolutionNode = FALSE
	EndGlobalSection
	GlobalSection(ExtensibilityGlobals) = postSolution
		SolutionGuid = {3F4461AA-FF27-473D-8371-59A64685BD9B}
	EndGlobalSection
EndGlobal
